
Microsoft Visual Studio Solution File, Format Version 12.00
# Visual Studio 15
VisualStudioVersion = 15.0.28307.779
MinimumVisualStudioVersion = 10.0.40219.1
Project("{FAE04EC0-301F-11D3-BF4B-00C04F79EFBC}") = "Clinic Website", "Clinic Website\Clinic Website.csproj", "{FD7AF324-9B8C-4F29-9FD0-7EECD9B275F4}"
EndProject
Global
	GlobalSection(SolutionConfigurationPlatforms) = preSolution
		Debug|Any CPU = Debug|Any CPU
		Release|Any CPU = Release|Any CPU
	EndGlobalSection
	GlobalSection(ProjectConfigurationPlatforms) = postSolution
		{FD7AF324-9B8C-4F29-9FD0-7EECD9B275F4}.Debug|Any CPU.ActiveCfg = Debug|Any CPU
		{FD7AF324-9B8C-4F29-9FD0-7EECD9B275F4}.Debug|Any CPU.Build.0 = Debug|Any CPU
		{FD7AF324-9B8C-4F29-9FD0-7EECD9B275F4}.Release|Any CPU.ActiveCfg = Release|Any CPU
		{FD7AF324-9B8C-4F29-9FD0-7EECD9B275F4}.Release|Any CPU.Build.0 = Release|Any CPU
	EndGlobalSection
	GlobalSection(SolutionProperties) = preSolution
		HideSolutionNode = FALSE
	EndGlobalSection
	GlobalSection(ExtensibilityGlobals) = postSolution
		SolutionGuid = {B7383AC9-10AD-410C-B116-ABDC8608EA78}
	EndGlobalSection
EndGlobal
